{
  "version": 4,
  "terraform_version": "1.5.1",
  "serial": 9,
  "lineage": "9739de9d-3f55-2edd-7a0b-97a6c4351a13",
  "outputs": {},
  "resources": [
    {
      "module": "module.remote-store",
      "mode": "managed",
      "type": "aws_dynamodb_table",
      "name": "ce-tfotc-remote-store",
      "provider": "provider[\"registry.terraform.io/hashicorp/aws\"]",
      "instances": [
        {
          "schema_version": 1,
          "attributes": {
            "arn": "arn:aws:dynamodb:eu-west-2:529351201608:table/ce-tfotc-remote-store",
            "attribute": [
              {
                "name": "LockID",
                "type": "S"
              }
            ],
            "billing_mode": "PROVISIONED",
            "deletion_protection_enabled": false,
            "global_secondary_index": [],
            "hash_key": "LockID",
            "id": "ce-tfotc-remote-store",
            "local_secondary_index": [],
            "name": "ce-tfotc-remote-store",
            "point_in_time_recovery": [
              {
                "enabled": false
              }
            ],
            "range_key": null,
            "read_capacity": 5,
            "replica": [],
            "restore_date_time": null,
            "restore_source_name": null,
            "restore_to_latest_time": null,
            "server_side_encryption": [],
            "stream_arn": "",
            "stream_enabled": false,
            "stream_label": "",
            "stream_view_type": "",
            "table_class": "STANDARD",
            "tags": {
              "ManagedBy": "Terraform",
              "Name": "DynamoDB Terraform State Lock Table",
              "OwnedBy": "The Fellowship of the Cloud",
              "Project": "CE-TEAM-PROJECT"
            },
            "tags_all": {
              "ManagedBy": "Terraform",
              "Name": "DynamoDB Terraform State Lock Table",
              "OwnedBy": "The Fellowship of the Cloud",
              "Project": "CE-TEAM-PROJECT"
            },
            "timeouts": null,
            "ttl": [
              {
                "attribute_name": "",
                "enabled": false
              }
            ],
            "write_capacity": 5
          },
          "sensitive_attributes": [],
          "private": "eyJlMmJmYjczMC1lY2FhLTExZTYtOGY4OC0zNDM2M2JjN2M0YzAiOnsiY3JlYXRlIjoxODAwMDAwMDAwMDAwLCJkZWxldGUiOjYwMDAwMDAwMDAwMCwidXBkYXRlIjozNjAwMDAwMDAwMDAwfSwic2NoZW1hX3ZlcnNpb24iOiIxIn0="
        }
      ]
    },
    {
      "module": "module.remote-store",
      "mode": "managed",
      "type": "aws_s3_bucket",
      "name": "ce-tfotc-remote-store",
      "provider": "provider[\"registry.terraform.io/hashicorp/aws\"]",
      "instances": [
        {
          "schema_version": 0,
          "attributes": {
            "acceleration_status": "",
            "acl": null,
            "arn": "arn:aws:s3:::ce-tfotc-remote-store",
            "bucket": "ce-tfotc-remote-store",
            "bucket_domain_name": "ce-tfotc-remote-store.s3.amazonaws.com",
            "bucket_prefix": "",
            "bucket_regional_domain_name": "ce-tfotc-remote-store.s3.eu-west-2.amazonaws.com",
            "cors_rule": [],
            "force_destroy": true,
            "grant": [
              {
                "id": "bc8a53b5c8f98d81930f6984618140d9d12bf565c0ddd30e2c6f534a9e09f153",
                "permissions": [
                  "FULL_CONTROL"
                ],
                "type": "CanonicalUser",
                "uri": ""
              }
            ],
            "hosted_zone_id": "Z3GKZC51ZF0DB4",
            "id": "ce-tfotc-remote-store",
            "lifecycle_rule": [],
            "logging": [],
            "object_lock_configuration": [],
            "object_lock_enabled": false,
            "policy": "",
            "region": "eu-west-2",
            "replication_configuration": [],
            "request_payer": "BucketOwner",
            "server_side_encryption_configuration": [
              {
                "rule": [
                  {
                    "apply_server_side_encryption_by_default": [
                      {
                        "kms_master_key_id": "",
                        "sse_algorithm": "AES256"
                      }
                    ],
                    "bucket_key_enabled": false
                  }
                ]
              }
            ],
            "tags": {
              "ManagedBy": "Terraform",
              "Name": "ce-tfotc-remote-store"
            },
            "tags_all": {
              "ManagedBy": "Terraform",
              "Name": "ce-tfotc-remote-store"
            },
            "timeouts": null,
            "versioning": [
              {
                "enabled": true,
                "mfa_delete": false
              }
            ],
            "website": [],
            "website_domain": null,
            "website_endpoint": null
          },
          "sensitive_attributes": [],
          "private": "eyJlMmJmYjczMC1lY2FhLTExZTYtOGY4OC0zNDM2M2JjN2M0YzAiOnsiY3JlYXRlIjoxMjAwMDAwMDAwMDAwLCJkZWxldGUiOjM2MDAwMDAwMDAwMDAsInJlYWQiOjEyMDAwMDAwMDAwMDAsInVwZGF0ZSI6MTIwMDAwMDAwMDAwMH19"
        }
      ]
    },
    {
      "module": "module.remote-store",
      "mode": "managed",
      "type": "aws_s3_bucket_public_access_block",
      "name": "ce-tfotc-remote-store",
      "provider": "provider[\"registry.terraform.io/hashicorp/aws\"]",
      "instances": [
        {
          "schema_version": 0,
          "attributes": {
            "block_public_acls": false,
            "block_public_policy": false,
            "bucket": "ce-tfotc-remote-store",
            "id": "ce-tfotc-remote-store",
            "ignore_public_acls": false,
            "restrict_public_buckets": false
          },
          "sensitive_attributes": [],
          "private": "bnVsbA==",
          "dependencies": [
            "module.remote-store.aws_s3_bucket.ce-tfotc-remote-store"
          ]
        }
      ]
    },
    {
      "module": "module.remote-store",
      "mode": "managed",
      "type": "aws_s3_bucket_versioning",
      "name": "ce-tfotc-remote-store",
      "provider": "provider[\"registry.terraform.io/hashicorp/aws\"]",
      "instances": [
        {
          "schema_version": 0,
          "attributes": {
            "bucket": "ce-tfotc-remote-store",
            "expected_bucket_owner": "",
            "id": "ce-tfotc-remote-store",
            "mfa": null,
            "versioning_configuration": [
              {
                "mfa_delete": "",
                "status": "Enabled"
              }
            ]
          },
          "sensitive_attributes": [],
          "private": "bnVsbA==",
          "dependencies": [
            "module.remote-store.aws_s3_bucket.ce-tfotc-remote-store"
          ]
        }
      ]
    }
  ],
  "check_results": null
}
